
Microsoft Visual Studio Solution File, Format Version 12.00
# Visual Studio 15
VisualStudioVersion = 15.0.28307.645
MinimumVisualStudioVersion = 10.0.40219.1
Project("{FAE04EC0-301F-11D3-BF4B-00C04F79EFBC}") = "Sokoban", "Sokoban\Sokoban.csproj", "{A426C398-CBCF-4BAB-BEA7-160539C40A5A}"
EndProject
Global
	GlobalSection(SolutionConfigurationPlatforms) = preSolution
		Debug|Any CPU = Debug|Any CPU
		Release|Any CPU = Release|Any CPU
	EndGlobalSection
	GlobalSection(ProjectConfigurationPlatforms) = postSolution
		{A426C398-CBCF-4BAB-BEA7-160539C40A5A}.Debug|Any CPU.ActiveCfg = Debug|Any CPU
		{A426C398-CBCF-4BAB-BEA7-160539C40A5A}.Debug|Any CPU.Build.0 = Debug|Any CPU
		{A426C398-CBCF-4BAB-BEA7-160539C40A5A}.Release|Any CPU.ActiveCfg = Release|Any CPU
		{A426C398-CBCF-4BAB-BEA7-160539C40A5A}.Release|Any CPU.Build.0 = Release|Any CPU
	EndGlobalSection
	GlobalSection(SolutionProperties) = preSolution
		HideSolutionNode = FALSE
	EndGlobalSection
	GlobalSection(ExtensibilityGlobals) = postSolution
		SolutionGuid = {3FD7AECE-FA85-43A7-ADA7-AD8021D054FC}
	EndGlobalSection
EndGlobal
