
Microsoft Visual Studio Solution File, Format Version 12.00
# Visual Studio Version 16
VisualStudioVersion = 16.0.29123.88
MinimumVisualStudioVersion = 10.0.40219.1
Project("{FAE04EC0-301F-11D3-BF4B-00C04F79EFBC}") = "ChatServer", "ChatServer\ChatServer.csproj", "{A82051F7-6D74-4ACA-8A9D-C1DA86700472}"
EndProject
Global
	GlobalSection(SolutionConfigurationPlatforms) = preSolution
		Debug|Any CPU = Debug|Any CPU
		Release|Any CPU = Release|Any CPU
	EndGlobalSection
	GlobalSection(ProjectConfigurationPlatforms) = postSolution
		{A82051F7-6D74-4ACA-8A9D-C1DA86700472}.Debug|Any CPU.ActiveCfg = Debug|Any CPU
		{A82051F7-6D74-4ACA-8A9D-C1DA86700472}.Debug|Any CPU.Build.0 = Debug|Any CPU
		{A82051F7-6D74-4ACA-8A9D-C1DA86700472}.Release|Any CPU.ActiveCfg = Release|Any CPU
		{A82051F7-6D74-4ACA-8A9D-C1DA86700472}.Release|Any CPU.Build.0 = Release|Any CPU
	EndGlobalSection
	GlobalSection(SolutionProperties) = preSolution
		HideSolutionNode = FALSE
	EndGlobalSection
	GlobalSection(ExtensibilityGlobals) = postSolution
		SolutionGuid = {B422D3AD-1BC2-4826-9149-E92A29055F6D}
	EndGlobalSection
EndGlobal
